{
  "nodes": {
    "nixpkgs": {
      "locked": {
        "lastModified": 1674746945,
        "narHash": "sha256-xJ5XrXWPHDArSAJtJVBGRQzHu3ESI13zMNjXbnRaAjY=",
        "owner": "NixOS",
        "repo": "nixpkgs",
        "rev": "e39a949aaa9e4fc652b1619b56e59584e1fc305b",
        "type": "github"
      },
      "original": {
        "id": "nixpkgs",
        "type": "indirect"
      }
    },
    "root": {
      "inputs": {
        "nixpkgs": "nixpkgs"
      }
    }
  },
  "root": "root",
  "version": 7
}
